#MicroXplorer Configuration settings - do not modify
Mcu.Family=STM32F4
ProjectManager.MainLocation=Core/Src
USB_DEVICE.CLASS_NAME_FS=CDC
USB_DEVICE.USBD_LPM_ENABLED-CDC_FS=0
ProjectManager.ProjectFileName=mcu_blaster.ioc
PH0-OSC_IN.Signal=RCC_OSC_IN
RCC.CortexFreq_Value=180000000
ProjectManager.KeepUserCode=true
Mcu.UserName=STM32F446RETx
Mcu.PinsNb=7
ProjectManager.NoMain=false
USB_DEVICE.VirtualModeFS=Cdc_FS
RCC.PLLCLKFreq_Value=180000000
RCC.FMPI2C1Freq_Value=45000000
USB_DEVICE.PID_CDC_FS=0x6001
RCC.PLLQCLKFreq_Value=45000000
RCC.VCOI2SInputFreq_Value=500000
ProjectManager.functionlistsort=1-MX_GPIO_Init-GPIO-false-HAL-true,2-SystemClock_Config-RCC-false-HAL-false,3-MX_USB_DEVICE_Init-USB_DEVICE-false-HAL-false
PA11.Mode=Device_Only
ProjectManager.DefaultFWLocation=true
RCC.PLLI2SRCLKFreq_Value=48000000
USB_DEVICE.VirtualMode-CDC_FS=Cdc
ProjectManager.DeletePrevious=true
RCC.APB1CLKDivider=RCC_HCLK_DIV4
RCC.SAIAFreq_Value=96000000
PB13.Signal=GPIO_Output
USB_DEVICE.IPParameters=VirtualMode-CDC_FS,VirtualModeFS,CLASS_NAME_FS,VID-CDC_FS,PID_CDC_FS,MANUFACTURER_STRING-CDC_FS,PRODUCT_STRING_CDC_FS,USBD_LPM_ENABLED-CDC_FS,USBD_SELF_POWERED-CDC_FS
PinOutPanel.RotationAngle=0
RCC.FamilyName=M
RCC.SYSCLKSource=RCC_SYSCLKSOURCE_PLLCLK
ProjectManager.StackSize=0x2000
Mcu.IP4=USB_OTG_FS
RCC.FCLKCortexFreq_Value=180000000
NVIC.SVCall_IRQn=true\:0\:0\:false\:false\:true\:false\:false
Mcu.IP2=SYS
Mcu.IP3=USB_DEVICE
Mcu.IP0=NVIC
Mcu.IP1=RCC
PA12.Signal=USB_OTG_FS_DP
Mcu.UserConstants=
ProjectManager.TargetToolchain=STM32CubeIDE
USB_DEVICE.PRODUCT_STRING_CDC_FS=USB-Blaster
Mcu.ThirdPartyNb=0
RCC.SDIOFreq_Value=48000000
RCC.HCLKFreq_Value=180000000
VP_USB_DEVICE_VS_USB_DEVICE_CDC_FS.Mode=CDC_FS
Mcu.IPNb=5
ProjectManager.PreviousToolchain=
RCC.APB2TimFreq_Value=180000000
RCC.SPDIFRXFreq_Value=180000000
RCC.I2S1Freq_Value=48000000
Mcu.Pin6=VP_USB_DEVICE_VS_USB_DEVICE_CDC_FS
ProjectManager.RegisterCallBack=
RCC.USBFreq_Value=48000000
RCC.VCOSAIOutputFreq_Value=192000000
RCC.PLLSAIoutputFreq_Value=48000000
RCC.AHBFreq_Value=180000000
PH0-OSC_IN.Mode=HSE-External-Oscillator
PB13.Locked=true
Mcu.Pin0=PH0-OSC_IN
Mcu.Pin1=PH1-OSC_OUT
Mcu.Pin2=PB13
Mcu.Pin3=PA11
Mcu.Pin4=PA12
RCC.VCOI2SOutputFreq_Value=96000000
Mcu.Pin5=VP_SYS_VS_Systick
RCC.USBCLockSelection=RCC_CLK48CLKSOURCE_PLLSAIP
ProjectManager.ProjectBuild=false
RCC.HSE_VALUE=8000000
NVIC.UsageFault_IRQn=true\:0\:0\:false\:false\:true\:false\:false
NVIC.DebugMonitor_IRQn=true\:0\:0\:false\:false\:true\:false\:false
RCC.PLLSAIPCLKFreq_Value=48000000
board=custom
RCC.VCOOutputFreq_Value=360000000
NVIC.SysTick_IRQn=true\:0\:0\:false\:false\:true\:false\:true
ProjectManager.LastFirmware=true
ProjectManager.FirmwarePackage=STM32Cube FW_F4 V1.26.1
MxDb.Version=DB.6.0.21
RCC.APB2Freq_Value=90000000
ProjectManager.BackupPrevious=false
MxCube.Version=6.2.1
RCC.VCOInputFreq_Value=2000000
RCC.PLLI2SPCLKFreq_Value=48000000
USB_DEVICE.MANUFACTURER_STRING-CDC_FS=Altera
File.Version=6
VP_SYS_VS_Systick.Mode=SysTick
PH1-OSC_OUT.Signal=RCC_OSC_OUT
NVIC.NonMaskableInt_IRQn=true\:0\:0\:false\:false\:true\:false\:false
RCC.PLLRCLKFreq_Value=180000000
NVIC.PendSV_IRQn=true\:0\:0\:false\:false\:true\:false\:false
USB_DEVICE.VID-CDC_FS=0x09FB
ProjectManager.FreePins=false
RCC.IPParameters=AHBFreq_Value,APB1CLKDivider,APB1Freq_Value,APB1TimFreq_Value,APB2CLKDivider,APB2Freq_Value,APB2TimFreq_Value,CECFreq_Value,CortexFreq_Value,FCLKCortexFreq_Value,FMPI2C1Freq_Value,FamilyName,HCLKFreq_Value,HSE_VALUE,I2S1Freq_Value,I2S2Freq_Value,MCO2PinFreq_Value,PLLCLKFreq_Value,PLLI2SPCLKFreq_Value,PLLI2SQCLKFreq_Value,PLLI2SRCLKFreq_Value,PLLI2SoutputFreq_Value,PLLM,PLLN,PLLQ,PLLQCLKFreq_Value,PLLRCLKFreq_Value,PLLSAIM,PLLSAIN,PLLSAIP,PLLSAIPCLKFreq_Value,PLLSAIQCLKFreq_Value,PLLSAIoutputFreq_Value,PWRFreq_Value,SAIAFreq_Value,SAIBFreq_Value,SDIOFreq_Value,SPDIFRXFreq_Value,SYSCLKFreq_VALUE,SYSCLKSource,USBCLockSelection,USBFreq_Value,VCOI2SInputFreq_Value,VCOI2SOutputFreq_Value,VCOInputFreq_Value,VCOOutputFreq_Value,VCOSAIInputFreq_Value,VCOSAIOutputFreq_Value
ProjectManager.AskForMigrate=true
Mcu.Name=STM32F446R(C-E)Tx
RCC.PLLI2SQCLKFreq_Value=48000000
RCC.PLLI2SoutputFreq_Value=48000000
ProjectManager.HalAssertFull=false
ProjectManager.ProjectName=mcu_blaster
ProjectManager.UnderRoot=true
RCC.VCOSAIInputFreq_Value=2000000
ProjectManager.CoupleFile=false
PH1-OSC_OUT.Mode=HSE-External-Oscillator
RCC.MCO2PinFreq_Value=180000000
RCC.SYSCLKFreq_VALUE=180000000
Mcu.Package=LQFP64
PA12.Mode=Device_Only
RCC.I2S2Freq_Value=48000000
NVIC.ForceEnableDMAVector=true
KeepUserPlacement=false
NVIC.MemoryManagement_IRQn=true\:0\:0\:false\:false\:true\:false\:false
NVIC.OTG_FS_IRQn=true\:0\:0\:false\:false\:true\:false\:true
ProjectManager.CompilerOptimize=6
ProjectManager.ToolChainLocation=
VP_SYS_VS_Systick.Signal=SYS_VS_Systick
PA11.Signal=USB_OTG_FS_DM
USB_OTG_FS.VirtualMode=Device_Only
ProjectManager.HeapSize=0x1000
NVIC.HardFault_IRQn=true\:0\:0\:false\:false\:true\:false\:false
VP_USB_DEVICE_VS_USB_DEVICE_CDC_FS.Signal=USB_DEVICE_VS_USB_DEVICE_CDC_FS
ProjectManager.ComputerToolchain=false
RCC.PLLSAIN=96
RCC.PLLSAIM=4
RCC.PLLSAIP=RCC_PLLSAIP_DIV4
RCC.PLLQ=8
NVIC.PriorityGroup=NVIC_PRIORITYGROUP_4
RCC.APB2CLKDivider=RCC_HCLK_DIV2
USB_DEVICE.USBD_SELF_POWERED-CDC_FS=0
RCC.PLLM=4
RCC.PLLN=180
RCC.CECFreq_Value=32786.88524590164
RCC.APB1TimFreq_Value=90000000
NVIC.BusFault_IRQn=true\:0\:0\:false\:false\:true\:false\:false
RCC.PWRFreq_Value=180000000
USB_OTG_FS.IPParameters=VirtualMode
RCC.SAIBFreq_Value=96000000
RCC.APB1Freq_Value=45000000
ProjectManager.CustomerFirmwarePackage=
ProjectManager.DeviceId=STM32F446RETx
ProjectManager.LibraryCopy=1
RCC.PLLSAIQCLKFreq_Value=96000000
isbadioc=false
